// !$*UTF8*$!
{
	archiveVersion = 1;
	classes = {
	};
	objectVersion = 50;
	objects = {

/* Begin PBXBuildFile section */
		1799935921B7002D00E94082 /* AppDelegate.swift in Sources */ = {isa = PBXBuildFile; fileRef = 1799935821B7002D00E94082 /* AppDelegate.swift */; };
		1799935B21B7002D00E94082 /* ViewController.swift in Sources */ = {isa = PBXBuildFile; fileRef = 1799935A21B7002D00E94082 /* ViewController.swift */; };
		1799935E21B7002D00E94082 /* Main.storyboard in Resources */ = {isa = PBXBuildFile; fileRef = 1799935C21B7002D00E94082 /* Main.storyboard */; };
		1799936121B7002D00E94082 /* MetalRTX.xcdatamodeld in Sources */ = {isa = PBXBuildFile; fileRef = 1799935F21B7002D00E94082 /* MetalRTX.xcdatamodeld */; };
		1799936321B7002F00E94082 /* Assets.xcassets in Resources */ = {isa = PBXBuildFile; fileRef = 1799936221B7002F00E94082 /* Assets.xcassets */; };
		1799936621B7002F00E94082 /* LaunchScreen.storyboard in Resources */ = {isa = PBXBuildFile; fileRef = 1799936421B7002F00E94082 /* LaunchScreen.storyboard */; };
		1799936E21C2A22D00E94082 /* Shaders.metal in Sources */ = {isa = PBXBuildFile; fileRef = 1799936D21C2A22D00E94082 /* Shaders.metal */; };
		1799937021C2B4C000E94082 /* Vertex.swift in Sources */ = {isa = PBXBuildFile; fileRef = 1799936F21C2B4C000E94082 /* Vertex.swift */; };
		1799937221C2B52A00E94082 /* Node.swift in Sources */ = {isa = PBXBuildFile; fileRef = 1799937121C2B52A00E94082 /* Node.swift */; };
		1799937421C2BAF300E94082 /* Triangle.swift in Sources */ = {isa = PBXBuildFile; fileRef = 1799937321C2BAF300E94082 /* Triangle.swift */; };
		1799937621C2C1F800E94082 /* Cube.swift in Sources */ = {isa = PBXBuildFile; fileRef = 1799937521C2C1F800E94082 /* Cube.swift */; };
		1799937A21C2C40300E94082 /* Matrix4.m in Sources */ = {isa = PBXBuildFile; fileRef = 1799937821C2C40200E94082 /* Matrix4.m */; };
/* End PBXBuildFile section */

/* Begin PBXFileReference section */
		1799935521B7002D00E94082 /* MetalRTX.app */ = {isa = PBXFileReference; explicitFileType = wrapper.application; includeInIndex = 0; path = MetalRTX.app; sourceTree = BUILT_PRODUCTS_DIR; };
		1799935821B7002D00E94082 /* AppDelegate.swift */ = {isa = PBXFileReference; lastKnownFileType = sourcecode.swift; path = AppDelegate.swift; sourceTree = "<group>"; };
		1799935A21B7002D00E94082 /* ViewController.swift */ = {isa = PBXFileReference; lastKnownFileType = sourcecode.swift; path = ViewController.swift; sourceTree = "<group>"; };
		1799935D21B7002D00E94082 /* Base */ = {isa = PBXFileReference; lastKnownFileType = file.storyboard; name = Base; path = Base.lproj/Main.storyboard; sourceTree = "<group>"; };
		1799936021B7002D00E94082 /* MetalRTX.xcdatamodel */ = {isa = PBXFileReference; lastKnownFileType = wrapper.xcdatamodel; path = MetalRTX.xcdatamodel; sourceTree = "<group>"; };
		1799936221B7002F00E94082 /* Assets.xcassets */ = {isa = PBXFileReference; lastKnownFileType = folder.assetcatalog; path = Assets.xcassets; sourceTree = "<group>"; };
		1799936521B7002F00E94082 /* Base */ = {isa = PBXFileReference; lastKnownFileType = file.storyboard; name = Base; path = Base.lproj/LaunchScreen.storyboard; sourceTree = "<group>"; };
		1799936721B7002F00E94082 /* Info.plist */ = {isa = PBXFileReference; lastKnownFileType = text.plist.xml; path = Info.plist; sourceTree = "<group>"; };
		1799936D21C2A22D00E94082 /* Shaders.metal */ = {isa = PBXFileReference; lastKnownFileType = sourcecode.metal; path = Shaders.metal; sourceTree = "<group>"; };
		1799936F21C2B4C000E94082 /* Vertex.swift */ = {isa = PBXFileReference; lastKnownFileType = sourcecode.swift; path = Vertex.swift; sourceTree = "<group>"; };
		1799937121C2B52A00E94082 /* Node.swift */ = {isa = PBXFileReference; lastKnownFileType = sourcecode.swift; path = Node.swift; sourceTree = "<group>"; };
		1799937321C2BAF300E94082 /* Triangle.swift */ = {isa = PBXFileReference; lastKnownFileType = sourcecode.swift; path = Triangle.swift; sourceTree = "<group>"; };
		1799937521C2C1F800E94082 /* Cube.swift */ = {isa = PBXFileReference; lastKnownFileType = sourcecode.swift; path = Cube.swift; sourceTree = "<group>"; };
		1799937721C2C40200E94082 /* MetalRTX-Bridging-Header.h */ = {isa = PBXFileReference; lastKnownFileType = sourcecode.c.h; path = "MetalRTX-Bridging-Header.h"; sourceTree = "<group>"; };
		1799937821C2C40200E94082 /* Matrix4.m */ = {isa = PBXFileReference; fileEncoding = 4; lastKnownFileType = sourcecode.c.objc; path = Matrix4.m; sourceTree = "<group>"; };
		1799937921C2C40300E94082 /* Matrix4.h */ = {isa = PBXFileReference; fileEncoding = 4; lastKnownFileType = sourcecode.c.h; path = Matrix4.h; sourceTree = "<group>"; };
/* End PBXFileReference section */

/* Begin PBXFrameworksBuildPhase section */
		1799935221B7002D00E94082 /* Frameworks */ = {
			isa = PBXFrameworksBuildPhase;
			buildActionMask = 2147483647;
			files = (
			);
			runOnlyForDeploymentPostprocessing = 0;
		};
/* End PBXFrameworksBuildPhase section */

/* Begin PBXGroup section */
		1799934C21B7002D00E94082 = {
			isa = PBXGroup;
			children = (
				1799935721B7002D00E94082 /* MetalRTX */,
				1799935621B7002D00E94082 /* Products */,
			);
			sourceTree = "<group>";
		};
		1799935621B7002D00E94082 /* Products */ = {
			isa = PBXGroup;
			children = (
				1799935521B7002D00E94082 /* MetalRTX.app */,
			);
			name = Products;
			sourceTree = "<group>";
		};
		1799935721B7002D00E94082 /* MetalRTX */ = {
			isa = PBXGroup;
			children = (
				1799937921C2C40300E94082 /* Matrix4.h */,
				1799937821C2C40200E94082 /* Matrix4.m */,
				1799935821B7002D00E94082 /* AppDelegate.swift */,
				1799935A21B7002D00E94082 /* ViewController.swift */,
				1799936F21C2B4C000E94082 /* Vertex.swift */,
				1799937121C2B52A00E94082 /* Node.swift */,
				1799937321C2BAF300E94082 /* Triangle.swift */,
				1799936D21C2A22D00E94082 /* Shaders.metal */,
				1799937521C2C1F800E94082 /* Cube.swift */,
				1799935C21B7002D00E94082 /* Main.storyboard */,
				1799936221B7002F00E94082 /* Assets.xcassets */,
				1799936421B7002F00E94082 /* LaunchScreen.storyboard */,
				1799936721B7002F00E94082 /* Info.plist */,
				1799935F21B7002D00E94082 /* MetalRTX.xcdatamodeld */,
				1799937721C2C40200E94082 /* MetalRTX-Bridging-Header.h */,
			);
			path = MetalRTX;
			sourceTree = "<group>";
		};
/* End PBXGroup section */

/* Begin PBXNativeTarget section */
		1799935421B7002D00E94082 /* MetalRTX */ = {
			isa = PBXNativeTarget;
			buildConfigurationList = 1799936A21B7002F00E94082 /* Build configuration list for PBXNativeTarget "MetalRTX" */;
			buildPhases = (
				1799935121B7002D00E94082 /* Sources */,
				1799935221B7002D00E94082 /* Frameworks */,
				1799935321B7002D00E94082 /* Resources */,
			);
			buildRules = (
			);
			dependencies = (
			);
			name = MetalRTX;
			productName = MetalRTX;
			productReference = 1799935521B7002D00E94082 /* MetalRTX.app */;
			productType = "com.apple.product-type.application";
		};
/* End PBXNativeTarget section */

/* Begin PBXProject section */
		1799934D21B7002D00E94082 /* Project object */ = {
			isa = PBXProject;
			attributes = {
				LastSwiftUpdateCheck = 1010;
				LastUpgradeCheck = 1010;
				ORGANIZATIONNAME = "Florian Schut";
				TargetAttributes = {
					1799935421B7002D00E94082 = {
						CreatedOnToolsVersion = 10.1;
						LastSwiftMigration = 1010;
					};
				};
			};
			buildConfigurationList = 1799935021B7002D00E94082 /* Build configuration list for PBXProject "MetalRTX" */;
			compatibilityVersion = "Xcode 9.3";
			developmentRegion = en;
			hasScannedForEncodings = 0;
			knownRegions = (
				en,
				Base,
			);
			mainGroup = 1799934C21B7002D00E94082;
			productRefGroup = 1799935621B7002D00E94082 /* Products */;
			projectDirPath = "";
			projectRoot = "";
			targets = (
				1799935421B7002D00E94082 /* MetalRTX */,
			);
		};
/* End PBXProject section */

/* Begin PBXResourcesBuildPhase section */
		1799935321B7002D00E94082 /* Resources */ = {
			isa = PBXResourcesBuildPhase;
			buildActionMask = 2147483647;
			files = (
				1799936621B7002F00E94082 /* LaunchScreen.storyboard in Resources */,
				1799936321B7002F00E94082 /* Assets.xcassets in Resources */,
				1799935E21B7002D00E94082 /* Main.storyboard in Resources */,
			);
			runOnlyForDeploymentPostprocessing = 0;
		};
/* End PBXResourcesBuildPhase section */

/* Begin PBXSourcesBuildPhase section */
		1799935121B7002D00E94082 /* Sources */ = {
			isa = PBXSourcesBuildPhase;
			buildActionMask = 2147483647;
			files = (
				1799936E21C2A22D00E94082 /* Shaders.metal in Sources */,
				1799936121B7002D00E94082 /* MetalRTX.xcdatamodeld in Sources */,
				1799935B21B7002D00E94082 /* ViewController.swift in Sources */,
				1799937221C2B52A00E94082 /* Node.swift in Sources */,
				1799937621C2C1F800E94082 /* Cube.swift in Sources */,
				1799937021C2B4C000E94082 /* Vertex.swift in Sources */,
				1799937421C2BAF300E94082 /* Triangle.swift in Sources */,
				1799937A21C2C40300E94082 /* Matrix4.m in Sources */,
				1799935921B7002D00E94082 /* AppDelegate.swift in Sources */,
			);
			runOnlyForDeploymentPostprocessing = 0;
		};
/* End PBXSourcesBuildPhase section */

/* Begin PBXVariantGroup section */
		1799935C21B7002D00E94082 /* Main.storyboard */ = {
			isa = PBXVariantGroup;
			children = (
				1799935D21B7002D00E94082 /* Base */,
			);
			name = Main.storyboard;
			sourceTree = "<group>";
		};
		1799936421B7002F00E94082 /* LaunchScreen.storyboard */ = {
			isa = PBXVariantGroup;
			children = (
				1799936521B7002F00E94082 /* Base */,
			);
			name = LaunchScreen.storyboard;
			sourceTree = "<group>";
		};
/* End PBXVariantGroup section */

/* Begin XCBuildConfiguration section */
		1799936821B7002F00E94082 /* Debug */ = {
			isa = XCBuildConfiguration;
			buildSettings = {
				ALWAYS_SEARCH_USER_PATHS = NO;
				CLANG_ANALYZER_NONNULL = YES;
				CLANG_ANALYZER_NUMBER_OBJECT_CONVERSION = YES_AGGRESSIVE;
				CLANG_CXX_LANGUAGE_STANDARD = "gnu++14";
				CLANG_CXX_LIBRARY = "libc++";
				CLANG_ENABLE_MODULES = YES;
				CLANG_ENABLE_OBJC_ARC = YES;
				CLANG_ENABLE_OBJC_WEAK = YES;
				CLANG_WARN_BLOCK_CAPTURE_AUTORELEASING = YES;
				CLANG_WARN_BOOL_CONVERSION = YES;
				CLANG_WARN_COMMA = YES;
				CLANG_WARN_CONSTANT_CONVERSION = YES;
				CLANG_WARN_DEPRECATED_OBJC_IMPLEMENTATIONS = YES;
				CLANG_WARN_DIRECT_OBJC_ISA_USAGE = YES_ERROR;
				CLANG_WARN_DOCUMENTATION_COMMENTS = YES;
				CLANG_WARN_EMPTY_BODY = YES;
				CLANG_WARN_ENUM_CONVERSION = YES;
				CLANG_WARN_INFINITE_RECURSION = YES;
				CLANG_WARN_INT_CONVERSION = YES;
				CLANG_WARN_NON_LITERAL_NULL_CONVERSION = YES;
				CLANG_WARN_OBJC_IMPLICIT_RETAIN_SELF = YES;
				CLANG_WARN_OBJC_LITERAL_CONVERSION = YES;
				CLANG_WARN_OBJC_ROOT_CLASS = YES_ERROR;
				CLANG_WARN_RANGE_LOOP_ANALYSIS = YES;
				CLANG_WARN_STRICT_PROTOTYPES = YES;
				CLANG_WARN_SUSPICIOUS_MOVE = YES;
				CLANG_WARN_UNGUARDED_AVAILABILITY = YES_AGGRESSIVE;
				CLANG_WARN_UNREACHABLE_CODE = YES;
				CLANG_WARN__DUPLICATE_METHOD_MATCH = YES;
				CODE_SIGN_IDENTITY = "iPhone Developer";
				COPY_PHASE_STRIP = NO;
				DEBUG_INFORMATION_FORMAT = dwarf;
				ENABLE_STRICT_OBJC_MSGSEND = YES;
				ENABLE_TESTABILITY = YES;
				GCC_C_LANGUAGE_STANDARD = gnu11;
				GCC_DYNAMIC_NO_PIC = NO;
				GCC_NO_COMMON_BLOCKS = YES;
				GCC_OPTIMIZATION_LEVEL = 0;
				GCC_PREPROCESSOR_DEFINITIONS = (
					"DEBUG=1",
					"$(inherited)",
				);
				GCC_WARN_64_TO_32_BIT_CONVERSION = YES;
				GCC_WARN_ABOUT_RETURN_TYPE = YES_ERROR;
				GCC_WARN_UNDECLARED_SELECTOR = YES;
				GCC_WARN_UNINITIALIZED_AUTOS = YES_AGGRESSIVE;
				GCC_WARN_UNUSED_FUNCTION = YES;
				GCC_WARN_UNUSED_VARIABLE = YES;
				IPHONEOS_DEPLOYMENT_TARGET = 12.1;
				MTL_ENABLE_DEBUG_INFO = INCLUDE_SOURCE;
				MTL_FAST_MATH = YES;
				ONLY_ACTIVE_ARCH = YES;
				SDKROOT = iphoneos;
				SWIFT_ACTIVE_COMPILATION_CONDITIONS = DEBUG;
				SWIFT_OPTIMIZATION_LEVEL = "-Onone";
			};
			name = Debug;
		};
		1799936921B7002F00E94082 /* Release */ = {
			isa = XCBuildConfiguration;
			buildSettings = {
				ALWAYS_SEARCH_USER_PATHS = NO;
				CLANG_ANALYZER_NONNULL = YES;
				CLANG_ANALYZER_NUMBER_OBJECT_CONVERSION = YES_AGGRESSIVE;
				CLANG_CXX_LANGUAGE_STANDARD = "gnu++14";
				CLANG_CXX_LIBRARY = "libc++";
				CLANG_ENABLE_MODULES = YES;
				CLANG_ENABLE_OBJC_ARC = YES;
				CLANG_ENABLE_OBJC_WEAK = YES;
				CLANG_WARN_BLOCK_CAPTURE_AUTORELEASING = YES;
				CLANG_WARN_BOOL_CONVERSION = YES;
				CLANG_WARN_COMMA = YES;
				CLANG_WARN_CONSTANT_CONVERSION = YES;
				CLANG_WARN_DEPRECATED_OBJC_IMPLEMENTATIONS = YES;
				CLANG_WARN_DIRECT_OBJC_ISA_USAGE = YES_ERROR;
				CLANG_WARN_DOCUMENTATION_COMMENTS = YES;
				CLANG_WARN_EMPTY_BODY = YES;
				CLANG_WARN_ENUM_CONVERSION = YES;
				CLANG_WARN_INFINITE_RECURSION = YES;
				CLANG_WARN_INT_CONVERSION = YES;
				CLANG_WARN_NON_LITERAL_NULL_CONVERSION = YES;
				CLANG_WARN_OBJC_IMPLICIT_RETAIN_SELF = YES;
				CLANG_WARN_OBJC_LITERAL_CONVERSION = YES;
				CLANG_WARN_OBJC_ROOT_CLASS = YES_ERROR;
				CLANG_WARN_RANGE_LOOP_ANALYSIS = YES;
				CLANG_WARN_STRICT_PROTOTYPES = YES;
				CLANG_WARN_SUSPICIOUS_MOVE = YES;
				CLANG_WARN_UNGUARDED_AVAILABILITY = YES_AGGRESSIVE;
				CLANG_WARN_UNREACHABLE_CODE = YES;
				CLANG_WARN__DUPLICATE_METHOD_MATCH = YES;
				CODE_SIGN_IDENTITY = "iPhone Developer";
				COPY_PHASE_STRIP = NO;
				DEBUG_INFORMATION_FORMAT = "dwarf-with-dsym";
				ENABLE_NS_ASSERTIONS = NO;
				ENABLE_STRICT_OBJC_MSGSEND = YES;
				GCC_C_LANGUAGE_STANDARD = gnu11;
				GCC_NO_COMMON_BLOCKS = YES;
				GCC_WARN_64_TO_32_BIT_CONVERSION = YES;
				GCC_WARN_ABOUT_RETURN_TYPE = YES_ERROR;
				GCC_WARN_UNDECLARED_SELECTOR = YES;
				GCC_WARN_UNINITIALIZED_AUTOS = YES_AGGRESSIVE;
				GCC_WARN_UNUSED_FUNCTION = YES;
				GCC_WARN_UNUSED_VARIABLE = YES;
				IPHONEOS_DEPLOYMENT_TARGET = 12.1;
				MTL_ENABLE_DEBUG_INFO = NO;
				MTL_FAST_MATH = YES;
				SDKROOT = iphoneos;
				SWIFT_COMPILATION_MODE = wholemodule;
				SWIFT_OPTIMIZATION_LEVEL = "-O";
				VALIDATE_PRODUCT = YES;
			};
			name = Release;
		};
		1799936B21B7002F00E94082 /* Debug */ = {
			isa = XCBuildConfiguration;
			buildSettings = {
				ASSETCATALOG_COMPILER_APPICON_NAME = AppIcon;
				CLANG_ENABLE_MODULES = YES;
				CODE_SIGN_STYLE = Automatic;
				DEVELOPMENT_TEAM = J4R8U9D5W2;
				INFOPLIST_FILE = MetalRTX/Info.plist;
				LD_RUNPATH_SEARCH_PATHS = (
					"$(inherited)",
					"@executable_path/Frameworks",
				);
				OTHER_LDFLAGS = "$(inherited)";
				PRODUCT_BUNDLE_IDENTIFIER = nl.florianschut.MetalRTX;
				PRODUCT_NAME = "$(TARGET_NAME)";
				SWIFT_OBJC_BRIDGING_HEADER = "MetalRTX/MetalRTX-Bridging-Header.h";
				SWIFT_OPTIMIZATION_LEVEL = "-Onone";
				SWIFT_VERSION = 4.2;
				TARGETED_DEVICE_FAMILY = "1,2";
			};
			name = Debug;
		};
		1799936C21B7002F00E94082 /* Release */ = {
			isa = XCBuildConfiguration;
			buildSettings = {
				ASSETCATALOG_COMPILER_APPICON_NAME = AppIcon;
				CLANG_ENABLE_MODULES = YES;
				CODE_SIGN_STYLE = Automatic;
				DEVELOPMENT_TEAM = J4R8U9D5W2;
				INFOPLIST_FILE = MetalRTX/Info.plist;
				LD_RUNPATH_SEARCH_PATHS = (
					"$(inherited)",
					"@executable_path/Frameworks",
				);
				PRODUCT_BUNDLE_IDENTIFIER = nl.florianschut.MetalRTX;
				PRODUCT_NAME = "$(TARGET_NAME)";
				SWIFT_OBJC_BRIDGING_HEADER = "MetalRTX/MetalRTX-Bridging-Header.h";
				SWIFT_VERSION = 4.2;
				TARGETED_DEVICE_FAMILY = "1,2";
			};
			name = Release;
		};
/* End XCBuildConfiguration section */

/* Begin XCConfigurationList section */
		1799935021B7002D00E94082 /* Build configuration list for PBXProject "MetalRTX" */ = {
			isa = XCConfigurationList;
			buildConfigurations = (
				1799936821B7002F00E94082 /* Debug */,
				1799936921B7002F00E94082 /* Release */,
			);
			defaultConfigurationIsVisible = 0;
			defaultConfigurationName = Release;
		};
		1799936A21B7002F00E94082 /* Build configuration list for PBXNativeTarget "MetalRTX" */ = {
			isa = XCConfigurationList;
			buildConfigurations = (
				1799936B21B7002F00E94082 /* Debug */,
				1799936C21B7002F00E94082 /* Release */,
			);
			defaultConfigurationIsVisible = 0;
			defaultConfigurationName = Release;
		};
/* End XCConfigurationList section */

/* Begin XCVersionGroup section */
		1799935F21B7002D00E94082 /* MetalRTX.xcdatamodeld */ = {
			isa = XCVersionGroup;
			children = (
				1799936021B7002D00E94082 /* MetalRTX.xcdatamodel */,
			);
			currentVersion = 1799936021B7002D00E94082 /* MetalRTX.xcdatamodel */;
			path = MetalRTX.xcdatamodeld;
			sourceTree = "<group>";
			versionGroupType = wrapper.xcdatamodel;
		};
/* End XCVersionGroup section */
	};
	rootObject = 1799934D21B7002D00E94082 /* Project object */;
}
